
Microsoft Visual Studio Solution File, Format Version 12.00
# Visual Studio 15
VisualStudioVersion = 15.0.25807.0
MinimumVisualStudioVersion = 10.0.40219.1
Project("{2150E333-8FDC-42A3-9474-1A3956D46DE8}") = "Engine", "Engine", "{36373541-ED5F-4A57-8947-6A26D6A2C2E1}"
EndProject
Project("{2150E333-8FDC-42A3-9474-1A3956D46DE8}") = "Games", "Games", "{29AF531B-B644-42C5-9B78-D23FE5CA664E}"
EndProject
Project("{8BC9CEB8-8B4A-11D0-8D11-00A0C91BC942}") = "UE4", "Intermediate\ProjectFiles\UE4.vcxproj", "{03A8AFE1-AB5A-4F33-B9DA-6672966ACA00}"
EndProject
Project("{8BC9CEB8-8B4A-11D0-8D11-00A0C91BC942}") = "Mouse", "Intermediate\ProjectFiles\Mouse.vcxproj", "{07DC917C-D802-4793-8A43-BAA147A4A821}"
EndProject
Project("{2150E333-8FDC-42A3-9474-1A3956D46DE8}") = "Visualizers", "Visualizers", "{51CDBD71-7E2C-4E2D-8C3E-1A1546024B9A}"
	ProjectSection(SolutionItems) = preProject
		..\..\..\..\..\..\Program Files\Epic Games\UE_4.23\Engine\Extras\VisualStudioDebugging\UE4.natvis = ..\..\..\..\..\..\Program Files\Epic Games\UE_4.23\Engine\Extras\VisualStudioDebugging\UE4.natvis
	EndProjectSection
EndProject
Global
	GlobalSection(SolutionConfigurationPlatforms) = preSolution
		DebugGame Editor|HTML5 = DebugGame Editor|HTML5
		DebugGame Editor|Win32 = DebugGame Editor|Win32
		DebugGame Editor|Win64 = DebugGame Editor|Win64
		DebugGame|HTML5 = DebugGame|HTML5
		DebugGame|Win32 = DebugGame|Win32
		DebugGame|Win64 = DebugGame|Win64
		Development Editor|HTML5 = Development Editor|HTML5
		Development Editor|Win32 = Development Editor|Win32
		Development Editor|Win64 = Development Editor|Win64
		Development|HTML5 = Development|HTML5
		Development|Win32 = Development|Win32
		Development|Win64 = Development|Win64
		Shipping|HTML5 = Shipping|HTML5
		Shipping|Win32 = Shipping|Win32
		Shipping|Win64 = Shipping|Win64
	EndGlobalSection
	GlobalSection(ProjectConfigurationPlatforms) = postSolution
		{03A8AFE1-AB5A-4F33-B9DA-6672966ACA00}.DebugGame Editor|HTML5.ActiveCfg = BuiltWithUnrealBuildTool|Win32
		{03A8AFE1-AB5A-4F33-B9DA-6672966ACA00}.DebugGame Editor|Win32.ActiveCfg = BuiltWithUnrealBuildTool|Win32
		{03A8AFE1-AB5A-4F33-B9DA-6672966ACA00}.DebugGame Editor|Win64.ActiveCfg = BuiltWithUnrealBuildTool|Win32
		{03A8AFE1-AB5A-4F33-B9DA-6672966ACA00}.DebugGame|HTML5.ActiveCfg = BuiltWithUnrealBuildTool|Win32
		{03A8AFE1-AB5A-4F33-B9DA-6672966ACA00}.DebugGame|Win32.ActiveCfg = BuiltWithUnrealBuildTool|Win32
		{03A8AFE1-AB5A-4F33-B9DA-6672966ACA00}.DebugGame|Win64.ActiveCfg = BuiltWithUnrealBuildTool|Win32
		{03A8AFE1-AB5A-4F33-B9DA-6672966ACA00}.Development Editor|HTML5.ActiveCfg = BuiltWithUnrealBuildTool|Win32
		{03A8AFE1-AB5A-4F33-B9DA-6672966ACA00}.Development Editor|Win32.ActiveCfg = BuiltWithUnrealBuildTool|Win32
		{03A8AFE1-AB5A-4F33-B9DA-6672966ACA00}.Development Editor|Win64.ActiveCfg = BuiltWithUnrealBuildTool|Win32
		{03A8AFE1-AB5A-4F33-B9DA-6672966ACA00}.Development|HTML5.ActiveCfg = BuiltWithUnrealBuildTool|Win32
		{03A8AFE1-AB5A-4F33-B9DA-6672966ACA00}.Development|Win32.ActiveCfg = BuiltWithUnrealBuildTool|Win32
		{03A8AFE1-AB5A-4F33-B9DA-6672966ACA00}.Development|Win64.ActiveCfg = BuiltWithUnrealBuildTool|Win32
		{03A8AFE1-AB5A-4F33-B9DA-6672966ACA00}.Shipping|HTML5.ActiveCfg = BuiltWithUnrealBuildTool|Win32
		{03A8AFE1-AB5A-4F33-B9DA-6672966ACA00}.Shipping|Win32.ActiveCfg = BuiltWithUnrealBuildTool|Win32
		{03A8AFE1-AB5A-4F33-B9DA-6672966ACA00}.Shipping|Win64.ActiveCfg = BuiltWithUnrealBuildTool|Win32
		{07DC917C-D802-4793-8A43-BAA147A4A821}.DebugGame Editor|HTML5.ActiveCfg = Invalid|Win32
		{07DC917C-D802-4793-8A43-BAA147A4A821}.DebugGame Editor|Win32.ActiveCfg = Invalid|Win32
		{07DC917C-D802-4793-8A43-BAA147A4A821}.DebugGame Editor|Win64.ActiveCfg = DebugGame_Editor|x64
		{07DC917C-D802-4793-8A43-BAA147A4A821}.DebugGame Editor|Win64.Build.0 = DebugGame_Editor|x64
		{07DC917C-D802-4793-8A43-BAA147A4A821}.DebugGame|HTML5.ActiveCfg = HTML5_DebugGame|Win32
		{07DC917C-D802-4793-8A43-BAA147A4A821}.DebugGame|HTML5.Build.0 = HTML5_DebugGame|Win32
		{07DC917C-D802-4793-8A43-BAA147A4A821}.DebugGame|Win32.ActiveCfg = DebugGame|Win32
		{07DC917C-D802-4793-8A43-BAA147A4A821}.DebugGame|Win32.Build.0 = DebugGame|Win32
		{07DC917C-D802-4793-8A43-BAA147A4A821}.DebugGame|Win64.ActiveCfg = DebugGame|x64
		{07DC917C-D802-4793-8A43-BAA147A4A821}.DebugGame|Win64.Build.0 = DebugGame|x64
		{07DC917C-D802-4793-8A43-BAA147A4A821}.Development Editor|HTML5.ActiveCfg = Invalid|Win32
		{07DC917C-D802-4793-8A43-BAA147A4A821}.Development Editor|Win32.ActiveCfg = Invalid|Win32
		{07DC917C-D802-4793-8A43-BAA147A4A821}.Development Editor|Win64.ActiveCfg = Development_Editor|x64
		{07DC917C-D802-4793-8A43-BAA147A4A821}.Development Editor|Win64.Build.0 = Development_Editor|x64
		{07DC917C-D802-4793-8A43-BAA147A4A821}.Development|HTML5.ActiveCfg = HTML5_Development|Win32
		{07DC917C-D802-4793-8A43-BAA147A4A821}.Development|HTML5.Build.0 = HTML5_Development|Win32
		{07DC917C-D802-4793-8A43-BAA147A4A821}.Development|Win32.ActiveCfg = Development|Win32
		{07DC917C-D802-4793-8A43-BAA147A4A821}.Development|Win32.Build.0 = Development|Win32
		{07DC917C-D802-4793-8A43-BAA147A4A821}.Development|Win64.ActiveCfg = Development|x64
		{07DC917C-D802-4793-8A43-BAA147A4A821}.Development|Win64.Build.0 = Development|x64
		{07DC917C-D802-4793-8A43-BAA147A4A821}.Shipping|HTML5.ActiveCfg = HTML5_Shipping|Win32
		{07DC917C-D802-4793-8A43-BAA147A4A821}.Shipping|HTML5.Build.0 = HTML5_Shipping|Win32
		{07DC917C-D802-4793-8A43-BAA147A4A821}.Shipping|Win32.ActiveCfg = Shipping|Win32
		{07DC917C-D802-4793-8A43-BAA147A4A821}.Shipping|Win32.Build.0 = Shipping|Win32
		{07DC917C-D802-4793-8A43-BAA147A4A821}.Shipping|Win64.ActiveCfg = Shipping|x64
		{07DC917C-D802-4793-8A43-BAA147A4A821}.Shipping|Win64.Build.0 = Shipping|x64
	EndGlobalSection
	GlobalSection(SolutionProperties) = preSolution
		HideSolutionNode = FALSE
	EndGlobalSection
	GlobalSection(NestedProjects) = preSolution
		{03A8AFE1-AB5A-4F33-B9DA-6672966ACA00} = {36373541-ED5F-4A57-8947-6A26D6A2C2E1}
		{07DC917C-D802-4793-8A43-BAA147A4A821} = {29AF531B-B644-42C5-9B78-D23FE5CA664E}
	EndGlobalSection
EndGlobal
